{
  "name": "localidades",
  "version": "1.0.0",
  "lockfileVersion": 3,
  "requires": true,
  "packages": {
    "": {
      "name": "localidades",
      "version": "1.0.0",
      "license": "ISC",
      "dependencies": {
        "pnpm": "^9.10.0"
      }
    },
    "node_modules/pnpm": {
      "version": "9.10.0",
      "resolved": "https://registry.npmjs.org/pnpm/-/pnpm-9.10.0.tgz",
      "integrity": "sha512-c6Ka+jag0JLs5Scd5Rd+y/gxjUVOzXATQxMbjrwMGpHEh9pGq3fI5ZbWrPFGHjWUztS+zt+JIbB0+9hlPtcFHA==",
      "license": "MIT",
      "bin": {
        "pnpm": "bin/pnpm.cjs",
        "pnpx": "bin/pnpx.cjs"
      },
      "engines": {
        "node": ">=18.12"
      },
      "funding": {
        "url": "https://opencollective.com/pnpm"
      }
    }
  }
}
